
Microsoft Visual Studio Solution File, Format Version 12.00
# Visual Studio 15
VisualStudioVersion = 15.0.28307.271
MinimumVisualStudioVersion = 10.0.40219.1
Project("{FAE04EC0-301F-11D3-BF4B-00C04F79EFBC}") = "samplewebmvcapp", "samplewebmvcapp\samplewebmvcapp.csproj", "{691D9168-DEDD-41FC-9B93-BAA687669F2C}"
EndProject
Project("{E53339B2-1760-4266-BCC7-CA923CBCF16C}") = "docker-compose", "docker-compose.dcproj", "{C23D5C00-A56B-43C8-90B8-7BF6AEAF207A}"
EndProject
Project("{FAE04EC0-301F-11D3-BF4B-00C04F79EFBC}") = "samplewebapps", "samplewebapps\samplewebapps.csproj", "{0A38FF7C-8843-46CA-82BD-565A652F95CB}"
EndProject
Global
	GlobalSection(SolutionConfigurationPlatforms) = preSolution
		Debug|Any CPU = Debug|Any CPU
		Release|Any CPU = Release|Any CPU
	EndGlobalSection
	GlobalSection(ProjectConfigurationPlatforms) = postSolution
		{691D9168-DEDD-41FC-9B93-BAA687669F2C}.Debug|Any CPU.ActiveCfg = Debug|Any CPU
		{691D9168-DEDD-41FC-9B93-BAA687669F2C}.Debug|Any CPU.Build.0 = Debug|Any CPU
		{691D9168-DEDD-41FC-9B93-BAA687669F2C}.Release|Any CPU.ActiveCfg = Release|Any CPU
		{691D9168-DEDD-41FC-9B93-BAA687669F2C}.Release|Any CPU.Build.0 = Release|Any CPU
		{C23D5C00-A56B-43C8-90B8-7BF6AEAF207A}.Debug|Any CPU.ActiveCfg = Debug|Any CPU
		{C23D5C00-A56B-43C8-90B8-7BF6AEAF207A}.Debug|Any CPU.Build.0 = Debug|Any CPU
		{C23D5C00-A56B-43C8-90B8-7BF6AEAF207A}.Release|Any CPU.ActiveCfg = Release|Any CPU
		{C23D5C00-A56B-43C8-90B8-7BF6AEAF207A}.Release|Any CPU.Build.0 = Release|Any CPU
		{0A38FF7C-8843-46CA-82BD-565A652F95CB}.Debug|Any CPU.ActiveCfg = Debug|Any CPU
		{0A38FF7C-8843-46CA-82BD-565A652F95CB}.Debug|Any CPU.Build.0 = Debug|Any CPU
		{0A38FF7C-8843-46CA-82BD-565A652F95CB}.Release|Any CPU.ActiveCfg = Release|Any CPU
		{0A38FF7C-8843-46CA-82BD-565A652F95CB}.Release|Any CPU.Build.0 = Release|Any CPU
	EndGlobalSection
	GlobalSection(SolutionProperties) = preSolution
		HideSolutionNode = FALSE
	EndGlobalSection
	GlobalSection(ExtensibilityGlobals) = postSolution
		SolutionGuid = {85A3C1C5-B568-467D-A2B0-E7621BB0D69D}
	EndGlobalSection
EndGlobal
